// !$*UTF8*$!
{
	archiveVersion = 1;
	classes = {
	};
	objectVersion = 46;
	objects = {

/* Begin PBXBuildFile section */
		9A07A49E1BA43D5C001B816D /* Realm.framework in Frameworks */ = {isa = PBXBuildFile; fileRef = 9A07A49C1BA43D5C001B816D /* Realm.framework */; };
		9A07A49F1BA43D5C001B816D /* RealmSwift.framework in Frameworks */ = {isa = PBXBuildFile; fileRef = 9A07A49D1BA43D5C001B816D /* RealmSwift.framework */; };
		9A07A4A11BA43DD5001B816D /* User.swift in Sources */ = {isa = PBXBuildFile; fileRef = 9A07A4A01BA43DD4001B816D /* User.swift */; };
		9A07A4A31BA47E75001B816D /* Illness.swift in Sources */ = {isa = PBXBuildFile; fileRef = 9A07A4A21BA47E75001B816D /* Illness.swift */; };
		9A07A4A51BA47F46001B816D /* SideEffect.swift in Sources */ = {isa = PBXBuildFile; fileRef = 9A07A4A41BA47F46001B816D /* SideEffect.swift */; };
		9A07A4A71BA482CB001B816D /* Drug.swift in Sources */ = {isa = PBXBuildFile; fileRef = 9A07A4A61BA482CB001B816D /* Drug.swift */; };
		9A0F0F201B829DDE006F76B0 /* DataCollectionViewCell.swift in Sources */ = {isa = PBXBuildFile; fileRef = 9A0F0F1F1B829DDE006F76B0 /* DataCollectionViewCell.swift */; };
		9A0F0F231B8341CE006F76B0 /* SurveyViewController.swift in Sources */ = {isa = PBXBuildFile; fileRef = 9A0F0F221B8341CE006F76B0 /* SurveyViewController.swift */; };
		9A0F0F251B834542006F76B0 /* ComposeViewController.swift in Sources */ = {isa = PBXBuildFile; fileRef = 9A0F0F241B834542006F76B0 /* ComposeViewController.swift */; };
		9A1DC9F81B809755000887A2 /* HomeCollectionViewCell.swift in Sources */ = {isa = PBXBuildFile; fileRef = 9A1DC9F71B809754000887A2 /* HomeCollectionViewCell.swift */; };
		9A1DC9FA1B809CE6000887A2 /* facescale1.png in Resources */ = {isa = PBXBuildFile; fileRef = 9A1DC9F91B809CE6000887A2 /* facescale1.png */; };
		9A1DC9FC1B809CFB000887A2 /* facescale5.png in Resources */ = {isa = PBXBuildFile; fileRef = 9A1DC9FB1B809CFB000887A2 /* facescale5.png */; };
		9A2529051B759988007CC19C /* HealthKit.framework in Frameworks */ = {isa = PBXBuildFile; fileRef = 9A2529041B759988007CC19C /* HealthKit.framework */; };
		9A2529081B7599AA007CC19C /* StoreKit.framework in Frameworks */ = {isa = PBXBuildFile; fileRef = 9A2529071B7599AA007CC19C /* StoreKit.framework */; };
		9A25290C1B75A3B4007CC19C /* AudioToolbox.framework in Frameworks */ = {isa = PBXBuildFile; fileRef = 9A25290B1B75A3B4007CC19C /* AudioToolbox.framework */; };
		9A25290E1B75A3BF007CC19C /* CFNetwork.framework in Frameworks */ = {isa = PBXBuildFile; fileRef = 9A25290D1B75A3BF007CC19C /* CFNetwork.framework */; };
		9A2529101B75A3CC007CC19C /* CoreGraphics.framework in Frameworks */ = {isa = PBXBuildFile; fileRef = 9A25290F1B75A3CC007CC19C /* CoreGraphics.framework */; };
		9A2529121B75A3D7007CC19C /* QuartzCore.framework in Frameworks */ = {isa = PBXBuildFile; fileRef = 9A2529111B75A3D7007CC19C /* QuartzCore.framework */; };
		9A2529141B75A3E2007CC19C /* Security.framework in Frameworks */ = {isa = PBXBuildFile; fileRef = 9A2529131B75A3E2007CC19C /* Security.framework */; };
		9A2529161B75A40C007CC19C /* SystemConfiguration.framework in Frameworks */ = {isa = PBXBuildFile; fileRef = 9A2529151B75A40C007CC19C /* SystemConfiguration.framework */; };
		9A2529181B75A417007CC19C /* libz.dylib in Frameworks */ = {isa = PBXBuildFile; fileRef = 9A2529171B75A417007CC19C /* libz.dylib */; };
		9A25291A1B75A430007CC19C /* libsqlite3.dylib in Frameworks */ = {isa = PBXBuildFile; fileRef = 9A2529191B75A430007CC19C /* libsqlite3.dylib */; };
		9A25291C1B75A441007CC19C /* Accounts.framework in Frameworks */ = {isa = PBXBuildFile; fileRef = 9A25291B1B75A441007CC19C /* Accounts.framework */; };
		9A25291E1B75A44E007CC19C /* Social.framework in Frameworks */ = {isa = PBXBuildFile; fileRef = 9A25291D1B75A44E007CC19C /* Social.framework */; };
		9A2529351B7608AF007CC19C /* Bolts.framework in Frameworks */ = {isa = PBXBuildFile; fileRef = 9A25292F1B7608AF007CC19C /* Bolts.framework */; };
		9A2529361B7608B0007CC19C /* Parse.framework in Frameworks */ = {isa = PBXBuildFile; fileRef = 9A2529301B7608AF007CC19C /* Parse.framework */; };
		9A2529371B7608B0007CC19C /* ParseCrashReporting.framework in Frameworks */ = {isa = PBXBuildFile; fileRef = 9A2529311B7608AF007CC19C /* ParseCrashReporting.framework */; };
		9A2529381B7608B0007CC19C /* ParseFacebookUtils.framework in Frameworks */ = {isa = PBXBuildFile; fileRef = 9A2529321B7608AF007CC19C /* ParseFacebookUtils.framework */; };
		9A2529391B7608B0007CC19C /* ParseFacebookUtilsV4.framework in Frameworks */ = {isa = PBXBuildFile; fileRef = 9A2529331B7608AF007CC19C /* ParseFacebookUtilsV4.framework */; };
		9A25293A1B7608B0007CC19C /* ParseUI.framework in Frameworks */ = {isa = PBXBuildFile; fileRef = 9A2529341B7608AF007CC19C /* ParseUI.framework */; };
		9A25293D1B7CAB46007CC19C /* 008.png in Resources */ = {isa = PBXBuildFile; fileRef = 9A25293C1B7CAB46007CC19C /* 008.png */; };
		9A25293F1B7CAB70007CC19C /* 051.png in Resources */ = {isa = PBXBuildFile; fileRef = 9A25293E1B7CAB70007CC19C /* 051.png */; };
		9A2529411B7CAB8D007CC19C /* 087.png in Resources */ = {isa = PBXBuildFile; fileRef = 9A2529401B7CAB8D007CC19C /* 087.png */; };
		9A2529431B7CABD7007CC19C /* 093.png in Resources */ = {isa = PBXBuildFile; fileRef = 9A2529421B7CABD7007CC19C /* 093.png */; };
		9A2529471B7CB467007CC19C /* HomeViewController.swift in Sources */ = {isa = PBXBuildFile; fileRef = 9A2529461B7CB467007CC19C /* HomeViewController.swift */; };
		9A2529491B7CB477007CC19C /* DataViewController.swift in Sources */ = {isa = PBXBuildFile; fileRef = 9A2529481B7CB477007CC19C /* DataViewController.swift */; };
		9A25294B1B7CB48A007CC19C /* TimeLineViewController.swift in Sources */ = {isa = PBXBuildFile; fileRef = 9A25294A1B7CB48A007CC19C /* TimeLineViewController.swift */; };
		9A37F7A11B863A5100E996E6 /* UserViewController.swift in Sources */ = {isa = PBXBuildFile; fileRef = 9A37F7A01B863A5100E996E6 /* UserViewController.swift */; };
		9A37F7A51B86462A00E996E6 /* 背景なし.png in Resources */ = {isa = PBXBuildFile; fileRef = 9A37F7A41B86462A00E996E6 /* 背景なし.png */; };
		9A37F7A71B864F3700E996E6 /* doctor1.png in Resources */ = {isa = PBXBuildFile; fileRef = 9A37F7A61B864F3700E996E6 /* doctor1.png */; };
		9A37F7A91B8658CE00E996E6 /* SideEffectSurveyViewController.swift in Sources */ = {isa = PBXBuildFile; fileRef = 9A37F7A81B8658CD00E996E6 /* SideEffectSurveyViewController.swift */; };
		9A37F7BA1B88028200E996E6 /* DetailTimeLineViewController.swift in Sources */ = {isa = PBXBuildFile; fileRef = 9A37F7B91B88028200E996E6 /* DetailTimeLineViewController.swift */; };
		9A5744DE1B6F7FBC004F392C /* AppDelegate.swift in Sources */ = {isa = PBXBuildFile; fileRef = 9A5744DD1B6F7FBC004F392C /* AppDelegate.swift */; };
		9A5744E61B6F7FBC004F392C /* Main.storyboard in Resources */ = {isa = PBXBuildFile; fileRef = 9A5744E41B6F7FBC004F392C /* Main.storyboard */; };
		9A5744E81B6F7FBC004F392C /* Images.xcassets in Resources */ = {isa = PBXBuildFile; fileRef = 9A5744E71B6F7FBC004F392C /* Images.xcassets */; };
		9A5744EB1B6F7FBC004F392C /* LaunchScreen.xib in Resources */ = {isa = PBXBuildFile; fileRef = 9A5744E91B6F7FBC004F392C /* LaunchScreen.xib */; };
		9A5744F71B6F7FBC004F392C /* PatientStoryTests.swift in Sources */ = {isa = PBXBuildFile; fileRef = 9A5744F61B6F7FBC004F392C /* PatientStoryTests.swift */; };
		9A8F2C621B827DF000B00A8B /* TimeLineTableViewCell.swift in Sources */ = {isa = PBXBuildFile; fileRef = 9A8F2C611B827DF000B00A8B /* TimeLineTableViewCell.swift */; };
		9A8F2C661B8287BA00B00A8B /* SignUpInViewController.swift in Sources */ = {isa = PBXBuildFile; fileRef = 9A8F2C651B8287BA00B00A8B /* SignUpInViewController.swift */; };
		9AB3B41E1B883D8900C49B9C /* femaleScale6.png in Resources */ = {isa = PBXBuildFile; fileRef = 9AB3B4181B883D8900C49B9C /* femaleScale6.png */; };
		9AB3B41F1B883D8900C49B9C /* femaleScale4.png in Resources */ = {isa = PBXBuildFile; fileRef = 9AB3B4191B883D8900C49B9C /* femaleScale4.png */; };
		9AB3B4201B883D8900C49B9C /* femaleScale1.png in Resources */ = {isa = PBXBuildFile; fileRef = 9AB3B41A1B883D8900C49B9C /* femaleScale1.png */; };
		9AB3B4211B883D8900C49B9C /* femaleScale3.png in Resources */ = {isa = PBXBuildFile; fileRef = 9AB3B41B1B883D8900C49B9C /* femaleScale3.png */; };
		9AB3B4221B883D8900C49B9C /* femaleScale5.png in Resources */ = {isa = PBXBuildFile; fileRef = 9AB3B41C1B883D8900C49B9C /* femaleScale5.png */; };
		9AB3B4231B883D8900C49B9C /* femaleScale2.png in Resources */ = {isa = PBXBuildFile; fileRef = 9AB3B41D1B883D8900C49B9C /* femaleScale2.png */; };
		9AC07F4A1B84BB4100298A12 /* ロゴ.png in Resources */ = {isa = PBXBuildFile; fileRef = 9AC07F491B84BB4100298A12 /* ロゴ.png */; };
		9AC07F4C1B84E1C900298A12 /* cnt05_02c_graph.gif in Resources */ = {isa = PBXBuildFile; fileRef = 9AC07F4B1B84E1C900298A12 /* cnt05_02c_graph.gif */; };
		9AD19A901B7F172A00EB2A42 /* xeloda_handbook.png in Resources */ = {isa = PBXBuildFile; fileRef = 9AD19A8F1B7F172A00EB2A42 /* xeloda_handbook.png */; };
		9AD19A921B7F18A300EB2A42 /* MedicineRegistViewController.swift in Sources */ = {isa = PBXBuildFile; fileRef = 9AD19A911B7F18A300EB2A42 /* MedicineRegistViewController.swift */; };
		9AD19A961B7FA5BC00EB2A42 /* HomeTableViewCell.swift in Sources */ = {isa = PBXBuildFile; fileRef = 9AD19A951B7FA5BC00EB2A42 /* HomeTableViewCell.swift */; };
		9AD19A981B80602400EB2A42 /* xel100ptp_2_s.jpg in Resources */ = {isa = PBXBuildFile; fileRef = 9AD19A971B80602400EB2A42 /* xel100ptp_2_s.jpg */; };
		9AD19A9C1B807D5100EB2A42 /* UsersDetailViewController.swift in Sources */ = {isa = PBXBuildFile; fileRef = 9AD19A9B1B807D5100EB2A42 /* UsersDetailViewController.swift */; };
/* End PBXBuildFile section */

/* Begin PBXContainerItemProxy section */
		9A5744F11B6F7FBC004F392C /* PBXContainerItemProxy */ = {
			isa = PBXContainerItemProxy;
			containerPortal = 9A5744D01B6F7FBB004F392C /* Project object */;
			proxyType = 1;
			remoteGlobalIDString = 9A5744D71B6F7FBB004F392C;
			remoteInfo = PatientStory;
		};
/* End PBXContainerItemProxy section */

/* Begin PBXFileReference section */
		9A07A49C1BA43D5C001B816D /* Realm.framework */ = {isa = PBXFileReference; lastKnownFileType = wrapper.framework; path = Realm.framework; sourceTree = "<group>"; };
		9A07A49D1BA43D5C001B816D /* RealmSwift.framework */ = {isa = PBXFileReference; lastKnownFileType = wrapper.framework; path = RealmSwift.framework; sourceTree = "<group>"; };
		9A07A4A01BA43DD4001B816D /* User.swift */ = {isa = PBXFileReference; fileEncoding = 4; lastKnownFileType = sourcecode.swift; path = User.swift; sourceTree = "<group>"; };
		9A07A4A21BA47E75001B816D /* Illness.swift */ = {isa = PBXFileReference; fileEncoding = 4; lastKnownFileType = sourcecode.swift; path = Illness.swift; sourceTree = "<group>"; };
		9A07A4A41BA47F46001B816D /* SideEffect.swift */ = {isa = PBXFileReference; fileEncoding = 4; lastKnownFileType = sourcecode.swift; path = SideEffect.swift; sourceTree = "<group>"; };
		9A07A4A61BA482CB001B816D /* Drug.swift */ = {isa = PBXFileReference; fileEncoding = 4; lastKnownFileType = sourcecode.swift; path = Drug.swift; sourceTree = "<group>"; };
		9A0F0F1F1B829DDE006F76B0 /* DataCollectionViewCell.swift */ = {isa = PBXFileReference; fileEncoding = 4; lastKnownFileType = sourcecode.swift; path = DataCollectionViewCell.swift; sourceTree = "<group>"; };
		9A0F0F221B8341CE006F76B0 /* SurveyViewController.swift */ = {isa = PBXFileReference; fileEncoding = 4; lastKnownFileType = sourcecode.swift; path = SurveyViewController.swift; sourceTree = "<group>"; };
		9A0F0F241B834542006F76B0 /* ComposeViewController.swift */ = {isa = PBXFileReference; fileEncoding = 4; lastKnownFileType = sourcecode.swift; path = ComposeViewController.swift; sourceTree = "<group>"; };
		9A1DC9F71B809754000887A2 /* HomeCollectionViewCell.swift */ = {isa = PBXFileReference; fileEncoding = 4; lastKnownFileType = sourcecode.swift; path = HomeCollectionViewCell.swift; sourceTree = "<group>"; };
		9A1DC9F91B809CE6000887A2 /* facescale1.png */ = {isa = PBXFileReference; lastKnownFileType = image.png; path = facescale1.png; sourceTree = "<group>"; };
		9A1DC9FB1B809CFB000887A2 /* facescale5.png */ = {isa = PBXFileReference; lastKnownFileType = image.png; path = facescale5.png; sourceTree = "<group>"; };
		9A2529041B759988007CC19C /* HealthKit.framework */ = {isa = PBXFileReference; lastKnownFileType = wrapper.framework; name = HealthKit.framework; path = System/Library/Frameworks/HealthKit.framework; sourceTree = SDKROOT; };
		9A2529071B7599AA007CC19C /* StoreKit.framework */ = {isa = PBXFileReference; lastKnownFileType = wrapper.framework; name = StoreKit.framework; path = System/Library/Frameworks/StoreKit.framework; sourceTree = SDKROOT; };
		9A25290B1B75A3B4007CC19C /* AudioToolbox.framework */ = {isa = PBXFileReference; lastKnownFileType = wrapper.framework; name = AudioToolbox.framework; path = System/Library/Frameworks/AudioToolbox.framework; sourceTree = SDKROOT; };
		9A25290D1B75A3BF007CC19C /* CFNetwork.framework */ = {isa = PBXFileReference; lastKnownFileType = wrapper.framework; name = CFNetwork.framework; path = System/Library/Frameworks/CFNetwork.framework; sourceTree = SDKROOT; };
		9A25290F1B75A3CC007CC19C /* CoreGraphics.framework */ = {isa = PBXFileReference; lastKnownFileType = wrapper.framework; name = CoreGraphics.framework; path = System/Library/Frameworks/CoreGraphics.framework; sourceTree = SDKROOT; };
		9A2529111B75A3D7007CC19C /* QuartzCore.framework */ = {isa = PBXFileReference; lastKnownFileType = wrapper.framework; name = QuartzCore.framework; path = System/Library/Frameworks/QuartzCore.framework; sourceTree = SDKROOT; };
		9A2529131B75A3E2007CC19C /* Security.framework */ = {isa = PBXFileReference; lastKnownFileType = wrapper.framework; name = Security.framework; path = System/Library/Frameworks/Security.framework; sourceTree = SDKROOT; };
		9A2529151B75A40C007CC19C /* SystemConfiguration.framework */ = {isa = PBXFileReference; lastKnownFileType = wrapper.framework; name = SystemConfiguration.framework; path = System/Library/Frameworks/SystemConfiguration.framework; sourceTree = SDKROOT; };
		9A2529171B75A417007CC19C /* libz.dylib */ = {isa = PBXFileReference; lastKnownFileType = "compiled.mach-o.dylib"; name = libz.dylib; path = usr/lib/libz.dylib; sourceTree = SDKROOT; };
		9A2529191B75A430007CC19C /* libsqlite3.dylib */ = {isa = PBXFileReference; lastKnownFileType = "compiled.mach-o.dylib"; name = libsqlite3.dylib; path = usr/lib/libsqlite3.dylib; sourceTree = SDKROOT; };
		9A25291B1B75A441007CC19C /* Accounts.framework */ = {isa = PBXFileReference; lastKnownFileType = wrapper.framework; name = Accounts.framework; path = System/Library/Frameworks/Accounts.framework; sourceTree = SDKROOT; };
		9A25291D1B75A44E007CC19C /* Social.framework */ = {isa = PBXFileReference; lastKnownFileType = wrapper.framework; name = Social.framework; path = System/Library/Frameworks/Social.framework; sourceTree = SDKROOT; };
		9A25291F1B75A5B9007CC19C /* PatientStory-Bridging-Header.h */ = {isa = PBXFileReference; lastKnownFileType = sourcecode.c.h; path = "PatientStory-Bridging-Header.h"; sourceTree = "<group>"; };
		9A25292F1B7608AF007CC19C /* Bolts.framework */ = {isa = PBXFileReference; lastKnownFileType = wrapper.framework; name = Bolts.framework; path = "PatientStory/parse-library-1.7.5/Bolts.framework"; sourceTree = "<group>"; };
		9A2529301B7608AF007CC19C /* Parse.framework */ = {isa = PBXFileReference; lastKnownFileType = wrapper.framework; name = Parse.framework; path = "PatientStory/parse-library-1.7.5/Parse.framework"; sourceTree = "<group>"; };
		9A2529311B7608AF007CC19C /* ParseCrashReporting.framework */ = {isa = PBXFileReference; lastKnownFileType = wrapper.framework; name = ParseCrashReporting.framework; path = "PatientStory/parse-library-1.7.5/ParseCrashReporting.framework"; sourceTree = "<group>"; };
		9A2529321B7608AF007CC19C /* ParseFacebookUtils.framework */ = {isa = PBXFileReference; lastKnownFileType = wrapper.framework; name = ParseFacebookUtils.framework; path = "PatientStory/parse-library-1.7.5/ParseFacebookUtils.framework"; sourceTree = "<group>"; };
		9A2529331B7608AF007CC19C /* ParseFacebookUtilsV4.framework */ = {isa = PBXFileReference; lastKnownFileType = wrapper.framework; name = ParseFacebookUtilsV4.framework; path = "PatientStory/parse-library-1.7.5/ParseFacebookUtilsV4.framework"; sourceTree = "<group>"; };
		9A2529341B7608AF007CC19C /* ParseUI.framework */ = {isa = PBXFileReference; lastKnownFileType = wrapper.framework; name = ParseUI.framework; path = "PatientStory/parse-library-1.7.5/ParseUI.framework"; sourceTree = "<group>"; };
		9A25293C1B7CAB46007CC19C /* 008.png */ = {isa = PBXFileReference; lastKnownFileType = image.png; path = 008.png; sourceTree = "<group>"; };
		9A25293E1B7CAB70007CC19C /* 051.png */ = {isa = PBXFileReference; lastKnownFileType = image.png; path = 051.png; sourceTree = "<group>"; };
		9A2529401B7CAB8D007CC19C /* 087.png */ = {isa = PBXFileReference; lastKnownFileType = image.png; path = 087.png; sourceTree = "<group>"; };
		9A2529421B7CABD7007CC19C /* 093.png */ = {isa = PBXFileReference; lastKnownFileType = image.png; path = 093.png; sourceTree = "<group>"; };
		9A2529461B7CB467007CC19C /* HomeViewController.swift */ = {isa = PBXFileReference; fileEncoding = 4; lastKnownFileType = sourcecode.swift; path = HomeViewController.swift; sourceTree = "<group>"; };
		9A2529481B7CB477007CC19C /* DataViewController.swift */ = {isa = PBXFileReference; fileEncoding = 4; lastKnownFileType = sourcecode.swift; path = DataViewController.swift; sourceTree = "<group>"; };
		9A25294A1B7CB48A007CC19C /* TimeLineViewController.swift */ = {isa = PBXFileReference; fileEncoding = 4; lastKnownFileType = sourcecode.swift; path = TimeLineViewController.swift; sourceTree = "<group>"; };
		9A37F7A01B863A5100E996E6 /* UserViewController.swift */ = {isa = PBXFileReference; fileEncoding = 4; lastKnownFileType = sourcecode.swift; path = UserViewController.swift; sourceTree = "<group>"; };
		9A37F7A41B86462A00E996E6 /* 背景なし.png */ = {isa = PBXFileReference; lastKnownFileType = image.png; path = "背景なし.png"; sourceTree = "<group>"; };
		9A37F7A61B864F3700E996E6 /* doctor1.png */ = {isa = PBXFileReference; lastKnownFileType = image.png; path = doctor1.png; sourceTree = "<group>"; };
		9A37F7A81B8658CD00E996E6 /* SideEffectSurveyViewController.swift */ = {isa = PBXFileReference; fileEncoding = 4; lastKnownFileType = sourcecode.swift; path = SideEffectSurveyViewController.swift; sourceTree = "<group>"; };
		9A37F7B91B88028200E996E6 /* DetailTimeLineViewController.swift */ = {isa = PBXFileReference; fileEncoding = 4; lastKnownFileType = sourcecode.swift; path = DetailTimeLineViewController.swift; sourceTree = "<group>"; };
		9A5744D81B6F7FBC004F392C /* PatientStory.app */ = {isa = PBXFileReference; explicitFileType = wrapper.application; includeInIndex = 0; path = PatientStory.app; sourceTree = BUILT_PRODUCTS_DIR; };
		9A5744DC1B6F7FBC004F392C /* Info.plist */ = {isa = PBXFileReference; lastKnownFileType = text.plist.xml; path = Info.plist; sourceTree = "<group>"; };
		9A5744DD1B6F7FBC004F392C /* AppDelegate.swift */ = {isa = PBXFileReference; lastKnownFileType = sourcecode.swift; path = AppDelegate.swift; sourceTree = "<group>"; };
		9A5744E51B6F7FBC004F392C /* Base */ = {isa = PBXFileReference; lastKnownFileType = file.storyboard; name = Base; path = Base.lproj/Main.storyboard; sourceTree = "<group>"; };
		9A5744E71B6F7FBC004F392C /* Images.xcassets */ = {isa = PBXFileReference; lastKnownFileType = folder.assetcatalog; path = Images.xcassets; sourceTree = "<group>"; };
		9A5744EA1B6F7FBC004F392C /* Base */ = {isa = PBXFileReference; lastKnownFileType = file.xib; name = Base; path = Base.lproj/LaunchScreen.xib; sourceTree = "<group>"; };
		9A5744F01B6F7FBC004F392C /* PatientStoryTests.xctest */ = {isa = PBXFileReference; explicitFileType = wrapper.cfbundle; includeInIndex = 0; path = PatientStoryTests.xctest; sourceTree = BUILT_PRODUCTS_DIR; };
		9A5744F51B6F7FBC004F392C /* Info.plist */ = {isa = PBXFileReference; lastKnownFileType = text.plist.xml; path = Info.plist; sourceTree = "<group>"; };
		9A5744F61B6F7FBC004F392C /* PatientStoryTests.swift */ = {isa = PBXFileReference; lastKnownFileType = sourcecode.swift; path = PatientStoryTests.swift; sourceTree = "<group>"; };
		9A8F2C611B827DF000B00A8B /* TimeLineTableViewCell.swift */ = {isa = PBXFileReference; fileEncoding = 4; lastKnownFileType = sourcecode.swift; path = TimeLineTableViewCell.swift; sourceTree = "<group>"; };
		9A8F2C651B8287BA00B00A8B /* SignUpInViewController.swift */ = {isa = PBXFileReference; fileEncoding = 4; lastKnownFileType = sourcecode.swift; path = SignUpInViewController.swift; sourceTree = "<group>"; };
		9AB3B4181B883D8900C49B9C /* femaleScale6.png */ = {isa = PBXFileReference; lastKnownFileType = image.png; path = femaleScale6.png; sourceTree = "<group>"; };
		9AB3B4191B883D8900C49B9C /* femaleScale4.png */ = {isa = PBXFileReference; lastKnownFileType = image.png; path = femaleScale4.png; sourceTree = "<group>"; };
		9AB3B41A1B883D8900C49B9C /* femaleScale1.png */ = {isa = PBXFileReference; lastKnownFileType = image.png; path = femaleScale1.png; sourceTree = "<group>"; };
		9AB3B41B1B883D8900C49B9C /* femaleScale3.png */ = {isa = PBXFileReference; lastKnownFileType = image.png; path = femaleScale3.png; sourceTree = "<group>"; };
		9AB3B41C1B883D8900C49B9C /* femaleScale5.png */ = {isa = PBXFileReference; lastKnownFileType = image.png; path = femaleScale5.png; sourceTree = "<group>"; };
		9AB3B41D1B883D8900C49B9C /* femaleScale2.png */ = {isa = PBXFileReference; lastKnownFileType = image.png; path = femaleScale2.png; sourceTree = "<group>"; };
		9AC07F491B84BB4100298A12 /* ロゴ.png */ = {isa = PBXFileReference; lastKnownFileType = image.png; path = "ロゴ.png"; sourceTree = "<group>"; };
		9AC07F4B1B84E1C900298A12 /* cnt05_02c_graph.gif */ = {isa = PBXFileReference; lastKnownFileType = image.gif; path = cnt05_02c_graph.gif; sourceTree = "<group>"; };
		9AD19A8F1B7F172A00EB2A42 /* xeloda_handbook.png */ = {isa = PBXFileReference; lastKnownFileType = image.png; path = xeloda_handbook.png; sourceTree = "<group>"; };
		9AD19A911B7F18A300EB2A42 /* MedicineRegistViewController.swift */ = {isa = PBXFileReference; fileEncoding = 4; lastKnownFileType = sourcecode.swift; path = MedicineRegistViewController.swift; sourceTree = "<group>"; };
		9AD19A951B7FA5BC00EB2A42 /* HomeTableViewCell.swift */ = {isa = PBXFileReference; fileEncoding = 4; lastKnownFileType = sourcecode.swift; path = HomeTableViewCell.swift; sourceTree = "<group>"; };
		9AD19A971B80602400EB2A42 /* xel100ptp_2_s.jpg */ = {isa = PBXFileReference; lastKnownFileType = image.jpeg; path = xel100ptp_2_s.jpg; sourceTree = "<group>"; };
		9AD19A9B1B807D5100EB2A42 /* UsersDetailViewController.swift */ = {isa = PBXFileReference; fileEncoding = 4; lastKnownFileType = sourcecode.swift; path = UsersDetailViewController.swift; sourceTree = "<group>"; };
/* End PBXFileReference section */

/* Begin PBXFrameworksBuildPhase section */
		9A5744D51B6F7FBB004F392C /* Frameworks */ = {
			isa = PBXFrameworksBuildPhase;
			buildActionMask = 2147483647;
			files = (
				9A25293A1B7608B0007CC19C /* ParseUI.framework in Frameworks */,
				9A25291E1B75A44E007CC19C /* Social.framework in Frameworks */,
				9A2529371B7608B0007CC19C /* ParseCrashReporting.framework in Frameworks */,
				9A25291C1B75A441007CC19C /* Accounts.framework in Frameworks */,
				9A25291A1B75A430007CC19C /* libsqlite3.dylib in Frameworks */,
				9A2529181B75A417007CC19C /* libz.dylib in Frameworks */,
				9A07A49F1BA43D5C001B816D /* RealmSwift.framework in Frameworks */,
				9A2529161B75A40C007CC19C /* SystemConfiguration.framework in Frameworks */,
				9A2529141B75A3E2007CC19C /* Security.framework in Frameworks */,
				9A2529121B75A3D7007CC19C /* QuartzCore.framework in Frameworks */,
				9A2529351B7608AF007CC19C /* Bolts.framework in Frameworks */,
				9A2529101B75A3CC007CC19C /* CoreGraphics.framework in Frameworks */,
				9A25290E1B75A3BF007CC19C /* CFNetwork.framework in Frameworks */,
				9A2529361B7608B0007CC19C /* Parse.framework in Frameworks */,
				9A25290C1B75A3B4007CC19C /* AudioToolbox.framework in Frameworks */,
				9A2529051B759988007CC19C /* HealthKit.framework in Frameworks */,
				9A2529391B7608B0007CC19C /* ParseFacebookUtilsV4.framework in Frameworks */,
				9A2529381B7608B0007CC19C /* ParseFacebookUtils.framework in Frameworks */,
				9A2529081B7599AA007CC19C /* StoreKit.framework in Frameworks */,
				9A07A49E1BA43D5C001B816D /* Realm.framework in Frameworks */,
			);
			runOnlyForDeploymentPostprocessing = 0;
		};
		9A5744ED1B6F7FBC004F392C /* Frameworks */ = {
			isa = PBXFrameworksBuildPhase;
			buildActionMask = 2147483647;
			files = (
			);
			runOnlyForDeploymentPostprocessing = 0;
		};
/* End PBXFrameworksBuildPhase section */

/* Begin PBXGroup section */
		9A0F0F211B833D98006F76B0 /* Survey */ = {
			isa = PBXGroup;
			children = (
				9A0F0F221B8341CE006F76B0 /* SurveyViewController.swift */,
				9A37F7A81B8658CD00E996E6 /* SideEffectSurveyViewController.swift */,
			);
			name = Survey;
			sourceTree = "<group>";
		};
		9A1DC9F21B8095F0000887A2 /* Home */ = {
			isa = PBXGroup;
			children = (
				9A2529461B7CB467007CC19C /* HomeViewController.swift */,
				9AD19A951B7FA5BC00EB2A42 /* HomeTableViewCell.swift */,
				9A1DC9F71B809754000887A2 /* HomeCollectionViewCell.swift */,
				9AD19A911B7F18A300EB2A42 /* MedicineRegistViewController.swift */,
				9A0F0F211B833D98006F76B0 /* Survey */,
			);
			name = Home;
			sourceTree = "<group>";
		};
		9A1DC9F31B809601000887A2 /* Data */ = {
			isa = PBXGroup;
			children = (
				9A2529481B7CB477007CC19C /* DataViewController.swift */,
				9A0F0F1F1B829DDE006F76B0 /* DataCollectionViewCell.swift */,
			);
			name = Data;
			sourceTree = "<group>";
		};
		9A1DC9F41B80960E000887A2 /* TimeLine */ = {
			isa = PBXGroup;
			children = (
				9A25294A1B7CB48A007CC19C /* TimeLineViewController.swift */,
				9A8F2C611B827DF000B00A8B /* TimeLineTableViewCell.swift */,
				9A0F0F241B834542006F76B0 /* ComposeViewController.swift */,
				9A37F7B91B88028200E996E6 /* DetailTimeLineViewController.swift */,
			);
			name = TimeLine;
			sourceTree = "<group>";
		};
		9A1DC9F51B809628000887A2 /* Model */ = {
			isa = PBXGroup;
			children = (
				9A07A4A01BA43DD4001B816D /* User.swift */,
				9A07A4A21BA47E75001B816D /* Illness.swift */,
				9A07A4A41BA47F46001B816D /* SideEffect.swift */,
				9A07A4A61BA482CB001B816D /* Drug.swift */,
			);
			name = Model;
			sourceTree = "<group>";
		};
		9A1DC9F61B80963C000887A2 /* Users */ = {
			isa = PBXGroup;
			children = (
				9A37F7A01B863A5100E996E6 /* UserViewController.swift */,
				9AD19A9B1B807D5100EB2A42 /* UsersDetailViewController.swift */,
			);
			name = Users;
			sourceTree = "<group>";
		};
		9A2529221B75A772007CC19C /* Frameworks */ = {
			isa = PBXGroup;
			children = (
				9A07A49C1BA43D5C001B816D /* Realm.framework */,
				9A07A49D1BA43D5C001B816D /* RealmSwift.framework */,
				9A2529191B75A430007CC19C /* libsqlite3.dylib */,
				9A2529171B75A417007CC19C /* libz.dylib */,
				9A25292F1B7608AF007CC19C /* Bolts.framework */,
				9A2529301B7608AF007CC19C /* Parse.framework */,
				9A2529311B7608AF007CC19C /* ParseCrashReporting.framework */,
				9A2529321B7608AF007CC19C /* ParseFacebookUtils.framework */,
				9A2529331B7608AF007CC19C /* ParseFacebookUtilsV4.framework */,
				9A2529341B7608AF007CC19C /* ParseUI.framework */,
				9A2529151B75A40C007CC19C /* SystemConfiguration.framework */,
				9A2529131B75A3E2007CC19C /* Security.framework */,
				9A2529071B7599AA007CC19C /* StoreKit.framework */,
				9A2529111B75A3D7007CC19C /* QuartzCore.framework */,
				9A25290F1B75A3CC007CC19C /* CoreGraphics.framework */,
				9A25290D1B75A3BF007CC19C /* CFNetwork.framework */,
				9A25291B1B75A441007CC19C /* Accounts.framework */,
				9A25290B1B75A3B4007CC19C /* AudioToolbox.framework */,
				9A2529041B759988007CC19C /* HealthKit.framework */,
				9A25291D1B75A44E007CC19C /* Social.framework */,
			);
			name = Frameworks;
			sourceTree = "<group>";
		};
		9A25293B1B7CAAFE007CC19C /* photos */ = {
			isa = PBXGroup;
			children = (
				9AB3B4181B883D8900C49B9C /* femaleScale6.png */,
				9AB3B4191B883D8900C49B9C /* femaleScale4.png */,
				9AB3B41A1B883D8900C49B9C /* femaleScale1.png */,
				9AB3B41B1B883D8900C49B9C /* femaleScale3.png */,
				9AB3B41C1B883D8900C49B9C /* femaleScale5.png */,
				9AB3B41D1B883D8900C49B9C /* femaleScale2.png */,
				9A37F7A41B86462A00E996E6 /* 背景なし.png */,
				9A37F7A61B864F3700E996E6 /* doctor1.png */,
				9A2529421B7CABD7007CC19C /* 093.png */,
				9AD19A971B80602400EB2A42 /* xel100ptp_2_s.jpg */,
				9A1DC9FB1B809CFB000887A2 /* facescale5.png */,
				9AC07F4B1B84E1C900298A12 /* cnt05_02c_graph.gif */,
				9AC07F491B84BB4100298A12 /* ロゴ.png */,
				9A1DC9F91B809CE6000887A2 /* facescale1.png */,
				9AD19A8F1B7F172A00EB2A42 /* xeloda_handbook.png */,
				9A2529401B7CAB8D007CC19C /* 087.png */,
				9A25293E1B7CAB70007CC19C /* 051.png */,
				9A25293C1B7CAB46007CC19C /* 008.png */,
			);
			name = photos;
			sourceTree = "<group>";
		};
		9A5744CF1B6F7FBB004F392C = {
			isa = PBXGroup;
			children = (
				9A2529221B75A772007CC19C /* Frameworks */,
				9A5744DA1B6F7FBC004F392C /* PatientStory */,
				9A5744F31B6F7FBC004F392C /* PatientStoryTests */,
				9A5744D91B6F7FBC004F392C /* Products */,
			);
			sourceTree = "<group>";
		};
		9A5744D91B6F7FBC004F392C /* Products */ = {
			isa = PBXGroup;
			children = (
				9A5744D81B6F7FBC004F392C /* PatientStory.app */,
				9A5744F01B6F7FBC004F392C /* PatientStoryTests.xctest */,
			);
			name = Products;
			sourceTree = "<group>";
		};
		9A5744DA1B6F7FBC004F392C /* PatientStory */ = {
			isa = PBXGroup;
			children = (
				9A5744DD1B6F7FBC004F392C /* AppDelegate.swift */,
				9A8F2C651B8287BA00B00A8B /* SignUpInViewController.swift */,
				9A1DC9F21B8095F0000887A2 /* Home */,
				9A1DC9F31B809601000887A2 /* Data */,
				9A1DC9F41B80960E000887A2 /* TimeLine */,
				9A1DC9F61B80963C000887A2 /* Users */,
				9A1DC9F51B809628000887A2 /* Model */,
				9A5744E41B6F7FBC004F392C /* Main.storyboard */,
				9A5744E71B6F7FBC004F392C /* Images.xcassets */,
				9A5744E91B6F7FBC004F392C /* LaunchScreen.xib */,
				9A25291F1B75A5B9007CC19C /* PatientStory-Bridging-Header.h */,
				9A5744DB1B6F7FBC004F392C /* Supporting Files */,
			);
			path = PatientStory;
			sourceTree = "<group>";
		};
		9A5744DB1B6F7FBC004F392C /* Supporting Files */ = {
			isa = PBXGroup;
			children = (
				9A25293B1B7CAAFE007CC19C /* photos */,
				9A5744DC1B6F7FBC004F392C /* Info.plist */,
			);
			name = "Supporting Files";
			sourceTree = "<group>";
		};
		9A5744F31B6F7FBC004F392C /* PatientStoryTests */ = {
			isa = PBXGroup;
			children = (
				9A5744F61B6F7FBC004F392C /* PatientStoryTests.swift */,
				9A5744F41B6F7FBC004F392C /* Supporting Files */,
			);
			path = PatientStoryTests;
			sourceTree = "<group>";
		};
		9A5744F41B6F7FBC004F392C /* Supporting Files */ = {
			isa = PBXGroup;
			children = (
				9A5744F51B6F7FBC004F392C /* Info.plist */,
			);
			name = "Supporting Files";
			sourceTree = "<group>";
		};
/* End PBXGroup section */

/* Begin PBXNativeTarget section */
		9A5744D71B6F7FBB004F392C /* PatientStory */ = {
			isa = PBXNativeTarget;
			buildConfigurationList = 9A5744FA1B6F7FBC004F392C /* Build configuration list for PBXNativeTarget "PatientStory" */;
			buildPhases = (
				9A5744D41B6F7FBB004F392C /* Sources */,
				9A5744D51B6F7FBB004F392C /* Frameworks */,
				9A5744D61B6F7FBB004F392C /* Resources */,
			);
			buildRules = (
			);
			dependencies = (
			);
			name = PatientStory;
			productName = PatientStory;
			productReference = 9A5744D81B6F7FBC004F392C /* PatientStory.app */;
			productType = "com.apple.product-type.application";
		};
		9A5744EF1B6F7FBC004F392C /* PatientStoryTests */ = {
			isa = PBXNativeTarget;
			buildConfigurationList = 9A5744FD1B6F7FBC004F392C /* Build configuration list for PBXNativeTarget "PatientStoryTests" */;
			buildPhases = (
				9A5744EC1B6F7FBC004F392C /* Sources */,
				9A5744ED1B6F7FBC004F392C /* Frameworks */,
				9A5744EE1B6F7FBC004F392C /* Resources */,
			);
			buildRules = (
			);
			dependencies = (
				9A5744F21B6F7FBC004F392C /* PBXTargetDependency */,
			);
			name = PatientStoryTests;
			productName = PatientStoryTests;
			productReference = 9A5744F01B6F7FBC004F392C /* PatientStoryTests.xctest */;
			productType = "com.apple.product-type.bundle.unit-test";
		};
/* End PBXNativeTarget section */

/* Begin PBXProject section */
		9A5744D01B6F7FBB004F392C /* Project object */ = {
			isa = PBXProject;
			attributes = {
				LastUpgradeCheck = 0640;
				ORGANIZATIONNAME = "有村 琢磨";
				TargetAttributes = {
					9A5744D71B6F7FBB004F392C = {
						CreatedOnToolsVersion = 6.4;
						DevelopmentTeam = R6G87ZFKDH;
						SystemCapabilities = {
							com.apple.BackgroundModes = {
								enabled = 1;
							};
							com.apple.DataProtection = {
								enabled = 1;
							};
							com.apple.HealthKit = {
								enabled = 1;
							};
							com.apple.InAppPurchase = {
								enabled = 1;
							};
						};
					};
					9A5744EF1B6F7FBC004F392C = {
						CreatedOnToolsVersion = 6.4;
						TestTargetID = 9A5744D71B6F7FBB004F392C;
					};
				};
			};
			buildConfigurationList = 9A5744D31B6F7FBB004F392C /* Build configuration list for PBXProject "PatientStory" */;
			compatibilityVersion = "Xcode 3.2";
			developmentRegion = English;
			hasScannedForEncodings = 0;
			knownRegions = (
				en,
				Base,
			);
			mainGroup = 9A5744CF1B6F7FBB004F392C;
			productRefGroup = 9A5744D91B6F7FBC004F392C /* Products */;
			projectDirPath = "";
			projectRoot = "";
			targets = (
				9A5744D71B6F7FBB004F392C /* PatientStory */,
				9A5744EF1B6F7FBC004F392C /* PatientStoryTests */,
			);
		};
/* End PBXProject section */

/* Begin PBXResourcesBuildPhase section */
		9A5744D61B6F7FBB004F392C /* Resources */ = {
			isa = PBXResourcesBuildPhase;
			buildActionMask = 2147483647;
			files = (
				9A5744E61B6F7FBC004F392C /* Main.storyboard in Resources */,
				9AC07F4C1B84E1C900298A12 /* cnt05_02c_graph.gif in Resources */,
				9AB3B4231B883D8900C49B9C /* femaleScale2.png in Resources */,
				9A5744EB1B6F7FBC004F392C /* LaunchScreen.xib in Resources */,
				9A37F7A51B86462A00E996E6 /* 背景なし.png in Resources */,
				9A25293D1B7CAB46007CC19C /* 008.png in Resources */,
				9AC07F4A1B84BB4100298A12 /* ロゴ.png in Resources */,
				9AB3B41F1B883D8900C49B9C /* femaleScale4.png in Resources */,
				9A2529411B7CAB8D007CC19C /* 087.png in Resources */,
				9A1DC9FC1B809CFB000887A2 /* facescale5.png in Resources */,
				9AB3B4211B883D8900C49B9C /* femaleScale3.png in Resources */,
				9A1DC9FA1B809CE6000887A2 /* facescale1.png in Resources */,
				9A37F7A71B864F3700E996E6 /* doctor1.png in Resources */,
				9A5744E81B6F7FBC004F392C /* Images.xcassets in Resources */,
				9AB3B41E1B883D8900C49B9C /* femaleScale6.png in Resources */,
				9A2529431B7CABD7007CC19C /* 093.png in Resources */,
				9AB3B4201B883D8900C49B9C /* femaleScale1.png in Resources */,
				9AD19A901B7F172A00EB2A42 /* xeloda_handbook.png in Resources */,
				9A25293F1B7CAB70007CC19C /* 051.png in Resources */,
				9AB3B4221B883D8900C49B9C /* femaleScale5.png in Resources */,
				9AD19A981B80602400EB2A42 /* xel100ptp_2_s.jpg in Resources */,
			);
			runOnlyForDeploymentPostprocessing = 0;
		};
		9A5744EE1B6F7FBC004F392C /* Resources */ = {
			isa = PBXResourcesBuildPhase;
			buildActionMask = 2147483647;
			files = (
			);
			runOnlyForDeploymentPostprocessing = 0;
		};
/* End PBXResourcesBuildPhase section */

/* Begin PBXSourcesBuildPhase section */
		9A5744D41B6F7FBB004F392C /* Sources */ = {
			isa = PBXSourcesBuildPhase;
			buildActionMask = 2147483647;
			files = (
				9AD19A921B7F18A300EB2A42 /* MedicineRegistViewController.swift in Sources */,
				9A37F7A11B863A5100E996E6 /* UserViewController.swift in Sources */,
				9A8F2C661B8287BA00B00A8B /* SignUpInViewController.swift in Sources */,
				9A07A4A71BA482CB001B816D /* Drug.swift in Sources */,
				9A37F7BA1B88028200E996E6 /* DetailTimeLineViewController.swift in Sources */,
				9A0F0F231B8341CE006F76B0 /* SurveyViewController.swift in Sources */,
				9A07A4A51BA47F46001B816D /* SideEffect.swift in Sources */,
				9A07A4A11BA43DD5001B816D /* User.swift in Sources */,
				9A8F2C621B827DF000B00A8B /* TimeLineTableViewCell.swift in Sources */,
				9A0F0F201B829DDE006F76B0 /* DataCollectionViewCell.swift in Sources */,
				9A07A4A31BA47E75001B816D /* Illness.swift in Sources */,
				9A2529491B7CB477007CC19C /* DataViewController.swift in Sources */,
				9A5744DE1B6F7FBC004F392C /* AppDelegate.swift in Sources */,
				9AD19A961B7FA5BC00EB2A42 /* HomeTableViewCell.swift in Sources */,
				9A37F7A91B8658CE00E996E6 /* SideEffectSurveyViewController.swift in Sources */,
				9A25294B1B7CB48A007CC19C /* TimeLineViewController.swift in Sources */,
				9A0F0F251B834542006F76B0 /* ComposeViewController.swift in Sources */,
				9A2529471B7CB467007CC19C /* HomeViewController.swift in Sources */,
				9AD19A9C1B807D5100EB2A42 /* UsersDetailViewController.swift in Sources */,
				9A1DC9F81B809755000887A2 /* HomeCollectionViewCell.swift in Sources */,
			);
			runOnlyForDeploymentPostprocessing = 0;
		};
		9A5744EC1B6F7FBC004F392C /* Sources */ = {
			isa = PBXSourcesBuildPhase;
			buildActionMask = 2147483647;
			files = (
				9A5744F71B6F7FBC004F392C /* PatientStoryTests.swift in Sources */,
			);
			runOnlyForDeploymentPostprocessing = 0;
		};
/* End PBXSourcesBuildPhase section */

/* Begin PBXTargetDependency section */
		9A5744F21B6F7FBC004F392C /* PBXTargetDependency */ = {
			isa = PBXTargetDependency;
			target = 9A5744D71B6F7FBB004F392C /* PatientStory */;
			targetProxy = 9A5744F11B6F7FBC004F392C /* PBXContainerItemProxy */;
		};
/* End PBXTargetDependency section */

/* Begin PBXVariantGroup section */
		9A5744E41B6F7FBC004F392C /* Main.storyboard */ = {
			isa = PBXVariantGroup;
			children = (
				9A5744E51B6F7FBC004F392C /* Base */,
			);
			name = Main.storyboard;
			sourceTree = "<group>";
		};
		9A5744E91B6F7FBC004F392C /* LaunchScreen.xib */ = {
			isa = PBXVariantGroup;
			children = (
				9A5744EA1B6F7FBC004F392C /* Base */,
			);
			name = LaunchScreen.xib;
			sourceTree = "<group>";
		};
/* End PBXVariantGroup section */

/* Begin XCBuildConfiguration section */
		9A5744F81B6F7FBC004F392C /* Debug */ = {
			isa = XCBuildConfiguration;
			buildSettings = {
				ALWAYS_SEARCH_USER_PATHS = NO;
				CLANG_CXX_LANGUAGE_STANDARD = "gnu++0x";
				CLANG_CXX_LIBRARY = "libc++";
				CLANG_ENABLE_MODULES = YES;
				CLANG_ENABLE_OBJC_ARC = YES;
				CLANG_WARN_BOOL_CONVERSION = YES;
				CLANG_WARN_CONSTANT_CONVERSION = YES;
				CLANG_WARN_DIRECT_OBJC_ISA_USAGE = YES_ERROR;
				CLANG_WARN_EMPTY_BODY = YES;
				CLANG_WARN_ENUM_CONVERSION = YES;
				CLANG_WARN_INT_CONVERSION = YES;
				CLANG_WARN_OBJC_ROOT_CLASS = YES_ERROR;
				CLANG_WARN_UNREACHABLE_CODE = YES;
				CLANG_WARN__DUPLICATE_METHOD_MATCH = YES;
				"CODE_SIGN_IDENTITY[sdk=iphoneos*]" = "iPhone Developer";
				COPY_PHASE_STRIP = NO;
				DEBUG_INFORMATION_FORMAT = "dwarf-with-dsym";
				ENABLE_STRICT_OBJC_MSGSEND = YES;
				GCC_C_LANGUAGE_STANDARD = gnu99;
				GCC_DYNAMIC_NO_PIC = NO;
				GCC_NO_COMMON_BLOCKS = YES;
				GCC_OPTIMIZATION_LEVEL = 0;
				GCC_PREPROCESSOR_DEFINITIONS = (
					"DEBUG=1",
					"$(inherited)",
				);
				GCC_SYMBOLS_PRIVATE_EXTERN = NO;
				GCC_WARN_64_TO_32_BIT_CONVERSION = YES;
				GCC_WARN_ABOUT_RETURN_TYPE = YES_ERROR;
				GCC_WARN_UNDECLARED_SELECTOR = YES;
				GCC_WARN_UNINITIALIZED_AUTOS = YES_AGGRESSIVE;
				GCC_WARN_UNUSED_FUNCTION = YES;
				GCC_WARN_UNUSED_VARIABLE = YES;
				IPHONEOS_DEPLOYMENT_TARGET = 8.4;
				MTL_ENABLE_DEBUG_INFO = YES;
				ONLY_ACTIVE_ARCH = YES;
				SDKROOT = iphoneos;
				SWIFT_OPTIMIZATION_LEVEL = "-Onone";
			};
			name = Debug;
		};
		9A5744F91B6F7FBC004F392C /* Release */ = {
			isa = XCBuildConfiguration;
			buildSettings = {
				ALWAYS_SEARCH_USER_PATHS = NO;
				CLANG_CXX_LANGUAGE_STANDARD = "gnu++0x";
				CLANG_CXX_LIBRARY = "libc++";
				CLANG_ENABLE_MODULES = YES;
				CLANG_ENABLE_OBJC_ARC = YES;
				CLANG_WARN_BOOL_CONVERSION = YES;
				CLANG_WARN_CONSTANT_CONVERSION = YES;
				CLANG_WARN_DIRECT_OBJC_ISA_USAGE = YES_ERROR;
				CLANG_WARN_EMPTY_BODY = YES;
				CLANG_WARN_ENUM_CONVERSION = YES;
				CLANG_WARN_INT_CONVERSION = YES;
				CLANG_WARN_OBJC_ROOT_CLASS = YES_ERROR;
				CLANG_WARN_UNREACHABLE_CODE = YES;
				CLANG_WARN__DUPLICATE_METHOD_MATCH = YES;
				"CODE_SIGN_IDENTITY[sdk=iphoneos*]" = "iPhone Developer";
				COPY_PHASE_STRIP = NO;
				DEBUG_INFORMATION_FORMAT = "dwarf-with-dsym";
				ENABLE_NS_ASSERTIONS = NO;
				ENABLE_STRICT_OBJC_MSGSEND = YES;
				GCC_C_LANGUAGE_STANDARD = gnu99;
				GCC_NO_COMMON_BLOCKS = YES;
				GCC_WARN_64_TO_32_BIT_CONVERSION = YES;
				GCC_WARN_ABOUT_RETURN_TYPE = YES_ERROR;
				GCC_WARN_UNDECLARED_SELECTOR = YES;
				GCC_WARN_UNINITIALIZED_AUTOS = YES_AGGRESSIVE;
				GCC_WARN_UNUSED_FUNCTION = YES;
				GCC_WARN_UNUSED_VARIABLE = YES;
				IPHONEOS_DEPLOYMENT_TARGET = 8.4;
				MTL_ENABLE_DEBUG_INFO = NO;
				SDKROOT = iphoneos;
				VALIDATE_PRODUCT = YES;
			};
			name = Release;
		};
		9A5744FB1B6F7FBC004F392C /* Debug */ = {
			isa = XCBuildConfiguration;
			buildSettings = {
				ASSETCATALOG_COMPILER_APPICON_NAME = AppIcon;
				CLANG_ENABLE_MODULES = YES;
				CODE_SIGN_ENTITLEMENTS = PatientStory/PatientStory.entitlements;
				CODE_SIGN_IDENTITY = "iPhone Developer";
				"CODE_SIGN_IDENTITY[sdk=iphoneos*]" = "iPhone Developer";
				FRAMEWORK_SEARCH_PATHS = (
					"$(inherited)",
					"$(PROJECT_DIR)/parse-library-1.7.5",
					"$(PROJECT_DIR)/PatientStory/parse-library-1.7.5",
					"$(PROJECT_DIR)",
				);
				INFOPLIST_FILE = PatientStory/Info.plist;
				LD_RUNPATH_SEARCH_PATHS = "$(inherited) @executable_path/Frameworks";
				PRODUCT_NAME = "$(TARGET_NAME)";
				PROVISIONING_PROFILE = "";
				SWIFT_OBJC_BRIDGING_HEADER = "PatientStory/PatientStory-Bridging-Header.h";
				SWIFT_OPTIMIZATION_LEVEL = "-Onone";
			};
			name = Debug;
		};
		9A5744FC1B6F7FBC004F392C /* Release */ = {
			isa = XCBuildConfiguration;
			buildSettings = {
				ASSETCATALOG_COMPILER_APPICON_NAME = AppIcon;
				CLANG_ENABLE_MODULES = YES;
				CODE_SIGN_ENTITLEMENTS = PatientStory/PatientStory.entitlements;
				CODE_SIGN_IDENTITY = "iPhone Developer";
				"CODE_SIGN_IDENTITY[sdk=iphoneos*]" = "iPhone Developer";
				FRAMEWORK_SEARCH_PATHS = (
					"$(inherited)",
					"$(PROJECT_DIR)/parse-library-1.7.5",
					"$(PROJECT_DIR)/PatientStory/parse-library-1.7.5",
					"$(PROJECT_DIR)",
				);
				INFOPLIST_FILE = PatientStory/Info.plist;
				LD_RUNPATH_SEARCH_PATHS = "$(inherited) @executable_path/Frameworks";
				PRODUCT_NAME = "$(TARGET_NAME)";
				PROVISIONING_PROFILE = "";
				SWIFT_OBJC_BRIDGING_HEADER = "PatientStory/PatientStory-Bridging-Header.h";
			};
			name = Release;
		};
		9A5744FE1B6F7FBC004F392C /* Debug */ = {
			isa = XCBuildConfiguration;
			buildSettings = {
				BUNDLE_LOADER = "$(TEST_HOST)";
				FRAMEWORK_SEARCH_PATHS = (
					"$(SDKROOT)/Developer/Library/Frameworks",
					"$(inherited)",
				);
				GCC_PREPROCESSOR_DEFINITIONS = (
					"DEBUG=1",
					"$(inherited)",
				);
				INFOPLIST_FILE = PatientStoryTests/Info.plist;
				LD_RUNPATH_SEARCH_PATHS = "$(inherited) @executable_path/Frameworks @loader_path/Frameworks";
				PRODUCT_NAME = "$(TARGET_NAME)";
				TEST_HOST = "$(BUILT_PRODUCTS_DIR)/PatientStory.app/PatientStory";
			};
			name = Debug;
		};
		9A5744FF1B6F7FBC004F392C /* Release */ = {
			isa = XCBuildConfiguration;
			buildSettings = {
				BUNDLE_LOADER = "$(TEST_HOST)";
				FRAMEWORK_SEARCH_PATHS = (
					"$(SDKROOT)/Developer/Library/Frameworks",
					"$(inherited)",
				);
				INFOPLIST_FILE = PatientStoryTests/Info.plist;
				LD_RUNPATH_SEARCH_PATHS = "$(inherited) @executable_path/Frameworks @loader_path/Frameworks";
				PRODUCT_NAME = "$(TARGET_NAME)";
				TEST_HOST = "$(BUILT_PRODUCTS_DIR)/PatientStory.app/PatientStory";
			};
			name = Release;
		};
/* End XCBuildConfiguration section */

/* Begin XCConfigurationList section */
		9A5744D31B6F7FBB004F392C /* Build configuration list for PBXProject "PatientStory" */ = {
			isa = XCConfigurationList;
			buildConfigurations = (
				9A5744F81B6F7FBC004F392C /* Debug */,
				9A5744F91B6F7FBC004F392C /* Release */,
			);
			defaultConfigurationIsVisible = 0;
			defaultConfigurationName = Release;
		};
		9A5744FA1B6F7FBC004F392C /* Build configuration list for PBXNativeTarget "PatientStory" */ = {
			isa = XCConfigurationList;
			buildConfigurations = (
				9A5744FB1B6F7FBC004F392C /* Debug */,
				9A5744FC1B6F7FBC004F392C /* Release */,
			);
			defaultConfigurationIsVisible = 0;
			defaultConfigurationName = Release;
		};
		9A5744FD1B6F7FBC004F392C /* Build configuration list for PBXNativeTarget "PatientStoryTests" */ = {
			isa = XCConfigurationList;
			buildConfigurations = (
				9A5744FE1B6F7FBC004F392C /* Debug */,
				9A5744FF1B6F7FBC004F392C /* Release */,
			);
			defaultConfigurationIsVisible = 0;
			defaultConfigurationName = Release;
		};
/* End XCConfigurationList section */
	};
	rootObject = 9A5744D01B6F7FBB004F392C /* Project object */;
}
